
Microsoft Visual Studio Solution File, Format Version 12.00
# Visual Studio 15
VisualStudioVersion = 15.0.27703.2018
MinimumVisualStudioVersion = 10.0.40219.1
Project("{FAE04EC0-301F-11D3-BF4B-00C04F79EFBC}") = "PretragaVinjete", "PretragaVinjete\PretragaVinjete.csproj", "{2A4AD116-162F-44CF-9B17-D0BC0CA07CCC}"
EndProject
Global
	GlobalSection(SolutionConfigurationPlatforms) = preSolution
		Debug|Any CPU = Debug|Any CPU
		Release|Any CPU = Release|Any CPU
	EndGlobalSection
	GlobalSection(ProjectConfigurationPlatforms) = postSolution
		{2A4AD116-162F-44CF-9B17-D0BC0CA07CCC}.Debug|Any CPU.ActiveCfg = Debug|Any CPU
		{2A4AD116-162F-44CF-9B17-D0BC0CA07CCC}.Debug|Any CPU.Build.0 = Debug|Any CPU
		{2A4AD116-162F-44CF-9B17-D0BC0CA07CCC}.Release|Any CPU.ActiveCfg = Release|Any CPU
		{2A4AD116-162F-44CF-9B17-D0BC0CA07CCC}.Release|Any CPU.Build.0 = Release|Any CPU
	EndGlobalSection
	GlobalSection(SolutionProperties) = preSolution
		HideSolutionNode = FALSE
	EndGlobalSection
	GlobalSection(ExtensibilityGlobals) = postSolution
		SolutionGuid = {7E02FE83-13C4-4CC5-94A8-7243DCDE816F}
	EndGlobalSection
EndGlobal
